
Microsoft Visual Studio Solution File, Format Version 12.00
# Visual Studio 15
VisualStudioVersion = 15.0.28307.489
MinimumVisualStudioVersion = 10.0.40219.1
Project("{FAE04EC0-301F-11D3-BF4B-00C04F79EFBC}") = "booky2", "booky2\booky2.csproj", "{B4FC08C8-31D8-4F08-8098-1448C1C7D080}"
EndProject
Global
	GlobalSection(SolutionConfigurationPlatforms) = preSolution
		Debug|Any CPU = Debug|Any CPU
		Release|Any CPU = Release|Any CPU
	EndGlobalSection
	GlobalSection(ProjectConfigurationPlatforms) = postSolution
		{B4FC08C8-31D8-4F08-8098-1448C1C7D080}.Debug|Any CPU.ActiveCfg = Debug|Any CPU
		{B4FC08C8-31D8-4F08-8098-1448C1C7D080}.Debug|Any CPU.Build.0 = Debug|Any CPU
		{B4FC08C8-31D8-4F08-8098-1448C1C7D080}.Release|Any CPU.ActiveCfg = Release|Any CPU
		{B4FC08C8-31D8-4F08-8098-1448C1C7D080}.Release|Any CPU.Build.0 = Release|Any CPU
	EndGlobalSection
	GlobalSection(SolutionProperties) = preSolution
		HideSolutionNode = FALSE
	EndGlobalSection
	GlobalSection(ExtensibilityGlobals) = postSolution
		SolutionGuid = {8D2E89BC-B96B-476B-9DF6-F4D09CE2BB6C}
	EndGlobalSection
EndGlobal
